
Microsoft Visual Studio Solution File, Format Version 12.00
# Visual Studio 15
VisualStudioVersion = 15.0.26430.13
MinimumVisualStudioVersion = 10.0.40219.1
Project("{FAE04EC0-301F-11D3-BF4B-00C04F79EFBC}") = "cresmont.MVC", "PW3TPFinal\cresmont.MVC.csproj", "{21BE8E1D-02ED-4064-884E-7B98472A86D2}"
EndProject
Project("{FAE04EC0-301F-11D3-BF4B-00C04F79EFBC}") = "cresmont.Logica", "PW3TPFinal.logica\cresmont.Logica.csproj", "{D00443E3-2180-489C-B0D1-9603B8A9124A}"
EndProject
Project("{FAE04EC0-301F-11D3-BF4B-00C04F79EFBC}") = "cresmont.DAL", "PW3TPFinal.DAL\cresmont.DAL.csproj", "{E3CE9B48-90DA-4994-B447-0B7F1AF5DA8D}"
EndProject
Global
	GlobalSection(SolutionConfigurationPlatforms) = preSolution
		Debug|Any CPU = Debug|Any CPU
		Release|Any CPU = Release|Any CPU
	EndGlobalSection
	GlobalSection(ProjectConfigurationPlatforms) = postSolution
		{21BE8E1D-02ED-4064-884E-7B98472A86D2}.Debug|Any CPU.ActiveCfg = Debug|Any CPU
		{21BE8E1D-02ED-4064-884E-7B98472A86D2}.Debug|Any CPU.Build.0 = Debug|Any CPU
		{21BE8E1D-02ED-4064-884E-7B98472A86D2}.Release|Any CPU.ActiveCfg = Release|Any CPU
		{21BE8E1D-02ED-4064-884E-7B98472A86D2}.Release|Any CPU.Build.0 = Release|Any CPU
		{D00443E3-2180-489C-B0D1-9603B8A9124A}.Debug|Any CPU.ActiveCfg = Debug|Any CPU
		{D00443E3-2180-489C-B0D1-9603B8A9124A}.Debug|Any CPU.Build.0 = Debug|Any CPU
		{D00443E3-2180-489C-B0D1-9603B8A9124A}.Release|Any CPU.ActiveCfg = Release|Any CPU
		{D00443E3-2180-489C-B0D1-9603B8A9124A}.Release|Any CPU.Build.0 = Release|Any CPU
		{E3CE9B48-90DA-4994-B447-0B7F1AF5DA8D}.Debug|Any CPU.ActiveCfg = Debug|Any CPU
		{E3CE9B48-90DA-4994-B447-0B7F1AF5DA8D}.Debug|Any CPU.Build.0 = Debug|Any CPU
		{E3CE9B48-90DA-4994-B447-0B7F1AF5DA8D}.Release|Any CPU.ActiveCfg = Release|Any CPU
		{E3CE9B48-90DA-4994-B447-0B7F1AF5DA8D}.Release|Any CPU.Build.0 = Release|Any CPU
	EndGlobalSection
	GlobalSection(SolutionProperties) = preSolution
		HideSolutionNode = FALSE
	EndGlobalSection
EndGlobal
